
Microsoft Visual Studio Solution File, Format Version 12.00
# Visual Studio 14
VisualStudioVersion = 14.0.25420.1
MinimumVisualStudioVersion = 10.0.40219.1
Project("{FAE04EC0-301F-11D3-BF4B-00C04F79EFBC}") = "Janus", "Janus\Janus.csproj", "{531C2DCC-2692-4F69-AC9D-CF9C19F1E596}"
EndProject
Project("{FAE04EC0-301F-11D3-BF4B-00C04F79EFBC}") = "Janus.Style", "Janus.Style\Janus.Style.csproj", "{3C9C81DB-501F-4FDE-BB6B-46FC86CE7317}"
EndProject
Global
	GlobalSection(SolutionConfigurationPlatforms) = preSolution
		Debug|Any CPU = Debug|Any CPU
		Release|Any CPU = Release|Any CPU
	EndGlobalSection
	GlobalSection(ProjectConfigurationPlatforms) = postSolution
		{531C2DCC-2692-4F69-AC9D-CF9C19F1E596}.Debug|Any CPU.ActiveCfg = Debug|Any CPU
		{531C2DCC-2692-4F69-AC9D-CF9C19F1E596}.Debug|Any CPU.Build.0 = Debug|Any CPU
		{531C2DCC-2692-4F69-AC9D-CF9C19F1E596}.Release|Any CPU.ActiveCfg = Release|Any CPU
		{531C2DCC-2692-4F69-AC9D-CF9C19F1E596}.Release|Any CPU.Build.0 = Release|Any CPU
		{3C9C81DB-501F-4FDE-BB6B-46FC86CE7317}.Debug|Any CPU.ActiveCfg = Debug|Any CPU
		{3C9C81DB-501F-4FDE-BB6B-46FC86CE7317}.Debug|Any CPU.Build.0 = Debug|Any CPU
		{3C9C81DB-501F-4FDE-BB6B-46FC86CE7317}.Release|Any CPU.ActiveCfg = Release|Any CPU
		{3C9C81DB-501F-4FDE-BB6B-46FC86CE7317}.Release|Any CPU.Build.0 = Release|Any CPU
	EndGlobalSection
	GlobalSection(SolutionProperties) = preSolution
		HideSolutionNode = FALSE
	EndGlobalSection
EndGlobal
